// !$*UTF8*$!
{
	archiveVersion = 1;
	classes = {
	};
	objectVersion = 48;
	objects = {

/* Begin PBXBuildFile section */
		3882A4BD2139BEB600D33413 /* Main.storyboard in Resources */ = {isa = PBXBuildFile; fileRef = 3882A4B92139BEB600D33413 /* Main.storyboard */; };
		3882A4BE2139BEB600D33413 /* LaunchScreen.storyboard in Resources */ = {isa = PBXBuildFile; fileRef = 3882A4BB2139BEB600D33413 /* LaunchScreen.storyboard */; };
		3882A4C62139BED400D33413 /* GoalType.swift in Sources */ = {isa = PBXBuildFile; fileRef = 3882A4C52139BED400D33413 /* GoalType.swift */; };
		3882A4CA2139BEDD00D33413 /* UIViewControllerExt.swift in Sources */ = {isa = PBXBuildFile; fileRef = 3882A4C72139BEDC00D33413 /* UIViewControllerExt.swift */; };
		3882A4CB2139BEDD00D33413 /* UIViewExt.swift in Sources */ = {isa = PBXBuildFile; fileRef = 3882A4C82139BEDC00D33413 /* UIViewExt.swift */; };
		3882A4CC2139BEDD00D33413 /* UIButtonExt.swift in Sources */ = {isa = PBXBuildFile; fileRef = 3882A4C92139BEDC00D33413 /* UIButtonExt.swift */; };
		3882A4D12139BEEE00D33413 /* BunnyGoal.xcdatamodeld in Sources */ = {isa = PBXBuildFile; fileRef = 3882A4CF2139BEEE00D33413 /* BunnyGoal.xcdatamodeld */; };
		3882A4D32139BF0600D33413 /* Info.plist in Resources */ = {isa = PBXBuildFile; fileRef = 3882A4D22139BF0500D33413 /* Info.plist */; };
		3882A4D52139C07200D33413 /* GoalCell.swift in Sources */ = {isa = PBXBuildFile; fileRef = 3882A4D42139C07100D33413 /* GoalCell.swift */; };
		3882A4D92139C0D000D33413 /* CreateGoalVC.swift in Sources */ = {isa = PBXBuildFile; fileRef = 3882A4D62139C0D000D33413 /* CreateGoalVC.swift */; };
		3882A4DA2139C0D000D33413 /* FinishGoalVC.swift in Sources */ = {isa = PBXBuildFile; fileRef = 3882A4D72139C0D000D33413 /* FinishGoalVC.swift */; };
		3882A4DB2139C0D000D33413 /* GoalsVC.swift in Sources */ = {isa = PBXBuildFile; fileRef = 3882A4D82139C0D000D33413 /* GoalsVC.swift */; };
		388EE5EA2128030A006D62DE /* AppDelegate.swift in Sources */ = {isa = PBXBuildFile; fileRef = 388EE5E92128030A006D62DE /* AppDelegate.swift */; };
		388EE5F42128030A006D62DE /* Assets.xcassets in Resources */ = {isa = PBXBuildFile; fileRef = 388EE5F32128030A006D62DE /* Assets.xcassets */; };
/* End PBXBuildFile section */

/* Begin PBXFileReference section */
		3882A4BA2139BEB600D33413 /* Base */ = {isa = PBXFileReference; lastKnownFileType = file.storyboard; name = Base; path = Base.lproj/Main.storyboard; sourceTree = "<group>"; };
		3882A4BC2139BEB600D33413 /* Base */ = {isa = PBXFileReference; lastKnownFileType = file.storyboard; name = Base; path = Base.lproj/LaunchScreen.storyboard; sourceTree = "<group>"; };
		3882A4C52139BED400D33413 /* GoalType.swift */ = {isa = PBXFileReference; fileEncoding = 4; lastKnownFileType = sourcecode.swift; name = GoalType.swift; path = "Bunny's Goal/Enums/GoalType.swift"; sourceTree = SOURCE_ROOT; };
		3882A4C72139BEDC00D33413 /* UIViewControllerExt.swift */ = {isa = PBXFileReference; fileEncoding = 4; lastKnownFileType = sourcecode.swift; path = UIViewControllerExt.swift; sourceTree = "<group>"; };
		3882A4C82139BEDC00D33413 /* UIViewExt.swift */ = {isa = PBXFileReference; fileEncoding = 4; lastKnownFileType = sourcecode.swift; path = UIViewExt.swift; sourceTree = "<group>"; };
		3882A4C92139BEDC00D33413 /* UIButtonExt.swift */ = {isa = PBXFileReference; fileEncoding = 4; lastKnownFileType = sourcecode.swift; path = UIButtonExt.swift; sourceTree = "<group>"; };
		3882A4D02139BEEE00D33413 /* goalpost_app.xcdatamodel */ = {isa = PBXFileReference; lastKnownFileType = wrapper.xcdatamodel; path = goalpost_app.xcdatamodel; sourceTree = "<group>"; };
		3882A4D22139BF0500D33413 /* Info.plist */ = {isa = PBXFileReference; fileEncoding = 4; lastKnownFileType = text.plist.xml; path = Info.plist; sourceTree = "<group>"; };
		3882A4D42139C07100D33413 /* GoalCell.swift */ = {isa = PBXFileReference; fileEncoding = 4; lastKnownFileType = sourcecode.swift; path = GoalCell.swift; sourceTree = "<group>"; };
		3882A4D62139C0D000D33413 /* CreateGoalVC.swift */ = {isa = PBXFileReference; fileEncoding = 4; lastKnownFileType = sourcecode.swift; name = CreateGoalVC.swift; path = "Bunny's Goal/Controller/CreateGoalVC.swift"; sourceTree = SOURCE_ROOT; };
		3882A4D72139C0D000D33413 /* FinishGoalVC.swift */ = {isa = PBXFileReference; fileEncoding = 4; lastKnownFileType = sourcecode.swift; name = FinishGoalVC.swift; path = "Bunny's Goal/Controller/FinishGoalVC.swift"; sourceTree = SOURCE_ROOT; };
		3882A4D82139C0D000D33413 /* GoalsVC.swift */ = {isa = PBXFileReference; fileEncoding = 4; lastKnownFileType = sourcecode.swift; name = GoalsVC.swift; path = "Bunny's Goal/Controller/GoalsVC.swift"; sourceTree = SOURCE_ROOT; };
		388EE5E62128030A006D62DE /* Bunny's Goal.app */ = {isa = PBXFileReference; explicitFileType = wrapper.application; includeInIndex = 0; path = "Bunny's Goal.app"; sourceTree = BUILT_PRODUCTS_DIR; };
		388EE5E92128030A006D62DE /* AppDelegate.swift */ = {isa = PBXFileReference; lastKnownFileType = sourcecode.swift; path = AppDelegate.swift; sourceTree = "<group>"; };
		388EE5F32128030A006D62DE /* Assets.xcassets */ = {isa = PBXFileReference; lastKnownFileType = folder.assetcatalog; path = Assets.xcassets; sourceTree = "<group>"; };
/* End PBXFileReference section */

/* Begin PBXFrameworksBuildPhase section */
		388EE5E32128030A006D62DE /* Frameworks */ = {
			isa = PBXFrameworksBuildPhase;
			buildActionMask = 2147483647;
			files = (
			);
			runOnlyForDeploymentPostprocessing = 0;
		};
/* End PBXFrameworksBuildPhase section */

/* Begin PBXGroup section */
		388EE5DD2128030A006D62DE = {
			isa = PBXGroup;
			children = (
				388EE5E82128030A006D62DE /* Bunny's Goal */,
				388EE5E72128030A006D62DE /* Products */,
			);
			sourceTree = "<group>";
		};
		388EE5E72128030A006D62DE /* Products */ = {
			isa = PBXGroup;
			children = (
				388EE5E62128030A006D62DE /* Bunny's Goal.app */,
			);
			name = Products;
			sourceTree = "<group>";
		};
		388EE5E82128030A006D62DE /* Bunny's Goal */ = {
			isa = PBXGroup;
			children = (
				388EE601212ABC18006D62DE /* View */,
				388EE6002129D1B1006D62DE /* Extensions */,
				388EE5FF2129D197006D62DE /* enums */,
				388EE5FE2129D069006D62DE /* controller */,
				388EE5E92128030A006D62DE /* AppDelegate.swift */,
				3882A4BB2139BEB600D33413 /* LaunchScreen.storyboard */,
				3882A4B92139BEB600D33413 /* Main.storyboard */,
				388EE5F32128030A006D62DE /* Assets.xcassets */,
				3882A4CF2139BEEE00D33413 /* BunnyGoal.xcdatamodeld */,
				3882A4D22139BF0500D33413 /* Info.plist */,
			);
			path = "Bunny's Goal";
			sourceTree = "<group>";
		};
		388EE5FE2129D069006D62DE /* controller */ = {
			isa = PBXGroup;
			children = (
				3882A4D62139C0D000D33413 /* CreateGoalVC.swift */,
				3882A4D72139C0D000D33413 /* FinishGoalVC.swift */,
				3882A4D82139C0D000D33413 /* GoalsVC.swift */,
			);
			path = controller;
			sourceTree = "<group>";
		};
		388EE5FF2129D197006D62DE /* enums */ = {
			isa = PBXGroup;
			children = (
				3882A4C52139BED400D33413 /* GoalType.swift */,
			);
			path = enums;
			sourceTree = "<group>";
		};
		388EE6002129D1B1006D62DE /* Extensions */ = {
			isa = PBXGroup;
			children = (
				3882A4C92139BEDC00D33413 /* UIButtonExt.swift */,
				3882A4C72139BEDC00D33413 /* UIViewControllerExt.swift */,
				3882A4C82139BEDC00D33413 /* UIViewExt.swift */,
			);
			path = Extensions;
			sourceTree = "<group>";
		};
		388EE601212ABC18006D62DE /* View */ = {
			isa = PBXGroup;
			children = (
				3882A4D42139C07100D33413 /* GoalCell.swift */,
			);
			path = View;
			sourceTree = "<group>";
		};
/* End PBXGroup section */

/* Begin PBXNativeTarget section */
		388EE5E52128030A006D62DE /* Bunny's Goal */ = {
			isa = PBXNativeTarget;
			buildConfigurationList = 388EE5FB2128030A006D62DE /* Build configuration list for PBXNativeTarget "Bunny's Goal" */;
			buildPhases = (
				388EE5E22128030A006D62DE /* Sources */,
				388EE5E32128030A006D62DE /* Frameworks */,
				388EE5E42128030A006D62DE /* Resources */,
			);
			buildRules = (
			);
			dependencies = (
			);
			name = "Bunny's Goal";
			productName = "Bunny's Goal";
			productReference = 388EE5E62128030A006D62DE /* Bunny's Goal.app */;
			productType = "com.apple.product-type.application";
		};
/* End PBXNativeTarget section */

/* Begin PBXProject section */
		388EE5DE2128030A006D62DE /* Project object */ = {
			isa = PBXProject;
			attributes = {
				LastSwiftUpdateCheck = 0900;
				LastUpgradeCheck = 0900;
				ORGANIZATIONNAME = "Ashish Raj";
				TargetAttributes = {
					388EE5E52128030A006D62DE = {
						CreatedOnToolsVersion = 9.0;
						ProvisioningStyle = Automatic;
					};
				};
			};
			buildConfigurationList = 388EE5E12128030A006D62DE /* Build configuration list for PBXProject "Bunny's Goal" */;
			compatibilityVersion = "Xcode 8.0";
			developmentRegion = en;
			hasScannedForEncodings = 0;
			knownRegions = (
				en,
				Base,
			);
			mainGroup = 388EE5DD2128030A006D62DE;
			productRefGroup = 388EE5E72128030A006D62DE /* Products */;
			projectDirPath = "";
			projectRoot = "";
			targets = (
				388EE5E52128030A006D62DE /* Bunny's Goal */,
			);
		};
/* End PBXProject section */

/* Begin PBXResourcesBuildPhase section */
		388EE5E42128030A006D62DE /* Resources */ = {
			isa = PBXResourcesBuildPhase;
			buildActionMask = 2147483647;
			files = (
				3882A4D32139BF0600D33413 /* Info.plist in Resources */,
				3882A4BE2139BEB600D33413 /* LaunchScreen.storyboard in Resources */,
				388EE5F42128030A006D62DE /* Assets.xcassets in Resources */,
				3882A4BD2139BEB600D33413 /* Main.storyboard in Resources */,
			);
			runOnlyForDeploymentPostprocessing = 0;
		};
/* End PBXResourcesBuildPhase section */

/* Begin PBXSourcesBuildPhase section */
		388EE5E22128030A006D62DE /* Sources */ = {
			isa = PBXSourcesBuildPhase;
			buildActionMask = 2147483647;
			files = (
				3882A4CB2139BEDD00D33413 /* UIViewExt.swift in Sources */,
				388EE5EA2128030A006D62DE /* AppDelegate.swift in Sources */,
				3882A4C62139BED400D33413 /* GoalType.swift in Sources */,
				3882A4DB2139C0D000D33413 /* GoalsVC.swift in Sources */,
				3882A4CA2139BEDD00D33413 /* UIViewControllerExt.swift in Sources */,
				3882A4D12139BEEE00D33413 /* BunnyGoal.xcdatamodeld in Sources */,
				3882A4D92139C0D000D33413 /* CreateGoalVC.swift in Sources */,
				3882A4D52139C07200D33413 /* GoalCell.swift in Sources */,
				3882A4CC2139BEDD00D33413 /* UIButtonExt.swift in Sources */,
				3882A4DA2139C0D000D33413 /* FinishGoalVC.swift in Sources */,
			);
			runOnlyForDeploymentPostprocessing = 0;
		};
/* End PBXSourcesBuildPhase section */

/* Begin PBXVariantGroup section */
		3882A4B92139BEB600D33413 /* Main.storyboard */ = {
			isa = PBXVariantGroup;
			children = (
				3882A4BA2139BEB600D33413 /* Base */,
			);
			name = Main.storyboard;
			sourceTree = "<group>";
		};
		3882A4BB2139BEB600D33413 /* LaunchScreen.storyboard */ = {
			isa = PBXVariantGroup;
			children = (
				3882A4BC2139BEB600D33413 /* Base */,
			);
			name = LaunchScreen.storyboard;
			sourceTree = "<group>";
		};
/* End PBXVariantGroup section */

/* Begin XCBuildConfiguration section */
		388EE5F92128030A006D62DE /* Debug */ = {
			isa = XCBuildConfiguration;
			buildSettings = {
				ALWAYS_SEARCH_USER_PATHS = NO;
				CLANG_ANALYZER_NONNULL = YES;
				CLANG_ANALYZER_NUMBER_OBJECT_CONVERSION = YES_AGGRESSIVE;
				CLANG_CXX_LANGUAGE_STANDARD = "gnu++14";
				CLANG_CXX_LIBRARY = "libc++";
				CLANG_ENABLE_MODULES = YES;
				CLANG_ENABLE_OBJC_ARC = YES;
				CLANG_WARN_BLOCK_CAPTURE_AUTORELEASING = YES;
				CLANG_WARN_BOOL_CONVERSION = YES;
				CLANG_WARN_COMMA = YES;
				CLANG_WARN_CONSTANT_CONVERSION = YES;
				CLANG_WARN_DIRECT_OBJC_ISA_USAGE = YES_ERROR;
				CLANG_WARN_DOCUMENTATION_COMMENTS = YES;
				CLANG_WARN_EMPTY_BODY = YES;
				CLANG_WARN_ENUM_CONVERSION = YES;
				CLANG_WARN_INFINITE_RECURSION = YES;
				CLANG_WARN_INT_CONVERSION = YES;
				CLANG_WARN_NON_LITERAL_NULL_CONVERSION = YES;
				CLANG_WARN_OBJC_LITERAL_CONVERSION = YES;
				CLANG_WARN_OBJC_ROOT_CLASS = YES_ERROR;
				CLANG_WARN_RANGE_LOOP_ANALYSIS = YES;
				CLANG_WARN_STRICT_PROTOTYPES = YES;
				CLANG_WARN_SUSPICIOUS_MOVE = YES;
				CLANG_WARN_UNGUARDED_AVAILABILITY = YES_AGGRESSIVE;
				CLANG_WARN_UNREACHABLE_CODE = YES;
				CLANG_WARN__DUPLICATE_METHOD_MATCH = YES;
				CODE_SIGN_IDENTITY = "iPhone Developer";
				COPY_PHASE_STRIP = NO;
				DEBUG_INFORMATION_FORMAT = dwarf;
				ENABLE_STRICT_OBJC_MSGSEND = YES;
				ENABLE_TESTABILITY = YES;
				GCC_C_LANGUAGE_STANDARD = gnu11;
				GCC_DYNAMIC_NO_PIC = NO;
				GCC_NO_COMMON_BLOCKS = YES;
				GCC_OPTIMIZATION_LEVEL = 0;
				GCC_PREPROCESSOR_DEFINITIONS = (
					"DEBUG=1",
					"$(inherited)",
				);
				GCC_WARN_64_TO_32_BIT_CONVERSION = YES;
				GCC_WARN_ABOUT_RETURN_TYPE = YES_ERROR;
				GCC_WARN_UNDECLARED_SELECTOR = YES;
				GCC_WARN_UNINITIALIZED_AUTOS = YES_AGGRESSIVE;
				GCC_WARN_UNUSED_FUNCTION = YES;
				GCC_WARN_UNUSED_VARIABLE = YES;
				IPHONEOS_DEPLOYMENT_TARGET = 11.0;
				MTL_ENABLE_DEBUG_INFO = YES;
				ONLY_ACTIVE_ARCH = YES;
				SDKROOT = iphoneos;
				SWIFT_ACTIVE_COMPILATION_CONDITIONS = DEBUG;
				SWIFT_OPTIMIZATION_LEVEL = "-Onone";
			};
			name = Debug;
		};
		388EE5FA2128030A006D62DE /* Release */ = {
			isa = XCBuildConfiguration;
			buildSettings = {
				ALWAYS_SEARCH_USER_PATHS = NO;
				CLANG_ANALYZER_NONNULL = YES;
				CLANG_ANALYZER_NUMBER_OBJECT_CONVERSION = YES_AGGRESSIVE;
				CLANG_CXX_LANGUAGE_STANDARD = "gnu++14";
				CLANG_CXX_LIBRARY = "libc++";
				CLANG_ENABLE_MODULES = YES;
				CLANG_ENABLE_OBJC_ARC = YES;
				CLANG_WARN_BLOCK_CAPTURE_AUTORELEASING = YES;
				CLANG_WARN_BOOL_CONVERSION = YES;
				CLANG_WARN_COMMA = YES;
				CLANG_WARN_CONSTANT_CONVERSION = YES;
				CLANG_WARN_DIRECT_OBJC_ISA_USAGE = YES_ERROR;
				CLANG_WARN_DOCUMENTATION_COMMENTS = YES;
				CLANG_WARN_EMPTY_BODY = YES;
				CLANG_WARN_ENUM_CONVERSION = YES;
				CLANG_WARN_INFINITE_RECURSION = YES;
				CLANG_WARN_INT_CONVERSION = YES;
				CLANG_WARN_NON_LITERAL_NULL_CONVERSION = YES;
				CLANG_WARN_OBJC_LITERAL_CONVERSION = YES;
				CLANG_WARN_OBJC_ROOT_CLASS = YES_ERROR;
				CLANG_WARN_RANGE_LOOP_ANALYSIS = YES;
				CLANG_WARN_STRICT_PROTOTYPES = YES;
				CLANG_WARN_SUSPICIOUS_MOVE = YES;
				CLANG_WARN_UNGUARDED_AVAILABILITY = YES_AGGRESSIVE;
				CLANG_WARN_UNREACHABLE_CODE = YES;
				CLANG_WARN__DUPLICATE_METHOD_MATCH = YES;
				CODE_SIGN_IDENTITY = "iPhone Developer";
				COPY_PHASE_STRIP = NO;
				DEBUG_INFORMATION_FORMAT = "dwarf-with-dsym";
				ENABLE_NS_ASSERTIONS = NO;
				ENABLE_STRICT_OBJC_MSGSEND = YES;
				GCC_C_LANGUAGE_STANDARD = gnu11;
				GCC_NO_COMMON_BLOCKS = YES;
				GCC_WARN_64_TO_32_BIT_CONVERSION = YES;
				GCC_WARN_ABOUT_RETURN_TYPE = YES_ERROR;
				GCC_WARN_UNDECLARED_SELECTOR = YES;
				GCC_WARN_UNINITIALIZED_AUTOS = YES_AGGRESSIVE;
				GCC_WARN_UNUSED_FUNCTION = YES;
				GCC_WARN_UNUSED_VARIABLE = YES;
				IPHONEOS_DEPLOYMENT_TARGET = 11.0;
				MTL_ENABLE_DEBUG_INFO = NO;
				SDKROOT = iphoneos;
				SWIFT_OPTIMIZATION_LEVEL = "-Owholemodule";
				VALIDATE_PRODUCT = YES;
			};
			name = Release;
		};
		388EE5FC2128030A006D62DE /* Debug */ = {
			isa = XCBuildConfiguration;
			buildSettings = {
				ASSETCATALOG_COMPILER_APPICON_NAME = AppIcon;
				CODE_SIGN_STYLE = Automatic;
				INFOPLIST_FILE = "Bunny's Goal/Info.plist";
				LD_RUNPATH_SEARCH_PATHS = "$(inherited) @executable_path/Frameworks";
				PRODUCT_BUNDLE_IDENTIFIER = "AshishRaj.Bunny-s-Goal";
				PRODUCT_NAME = "$(TARGET_NAME)";
				SWIFT_VERSION = 4.0;
				TARGETED_DEVICE_FAMILY = "1,2";
			};
			name = Debug;
		};
		388EE5FD2128030A006D62DE /* Release */ = {
			isa = XCBuildConfiguration;
			buildSettings = {
				ASSETCATALOG_COMPILER_APPICON_NAME = AppIcon;
				CODE_SIGN_STYLE = Automatic;
				INFOPLIST_FILE = "Bunny's Goal/Info.plist";
				LD_RUNPATH_SEARCH_PATHS = "$(inherited) @executable_path/Frameworks";
				PRODUCT_BUNDLE_IDENTIFIER = "AshishRaj.Bunny-s-Goal";
				PRODUCT_NAME = "$(TARGET_NAME)";
				SWIFT_VERSION = 4.0;
				TARGETED_DEVICE_FAMILY = "1,2";
			};
			name = Release;
		};
/* End XCBuildConfiguration section */

/* Begin XCConfigurationList section */
		388EE5E12128030A006D62DE /* Build configuration list for PBXProject "Bunny's Goal" */ = {
			isa = XCConfigurationList;
			buildConfigurations = (
				388EE5F92128030A006D62DE /* Debug */,
				388EE5FA2128030A006D62DE /* Release */,
			);
			defaultConfigurationIsVisible = 0;
			defaultConfigurationName = Release;
		};
		388EE5FB2128030A006D62DE /* Build configuration list for PBXNativeTarget "Bunny's Goal" */ = {
			isa = XCConfigurationList;
			buildConfigurations = (
				388EE5FC2128030A006D62DE /* Debug */,
				388EE5FD2128030A006D62DE /* Release */,
			);
			defaultConfigurationIsVisible = 0;
			defaultConfigurationName = Release;
		};
/* End XCConfigurationList section */

/* Begin XCVersionGroup section */
		3882A4CF2139BEEE00D33413 /* BunnyGoal.xcdatamodeld */ = {
			isa = XCVersionGroup;
			children = (
				3882A4D02139BEEE00D33413 /* goalpost_app.xcdatamodel */,
			);
			currentVersion = 3882A4D02139BEEE00D33413 /* goalpost_app.xcdatamodel */;
			path = BunnyGoal.xcdatamodeld;
			sourceTree = "<group>";
			versionGroupType = wrapper.xcdatamodel;
		};
/* End XCVersionGroup section */
	};
	rootObject = 388EE5DE2128030A006D62DE /* Project object */;
}
